// !$*UTF8*$!
{
	archiveVersion = 1;
	classes = {
	};
	objectVersion = 46;
	objects = {

/* Begin PBXBuildFile section */
		C86E8A0318596B080073816B /* Foundation.framework in Frameworks */ = {isa = PBXBuildFile; fileRef = C86E8A0218596B080073816B /* Foundation.framework */; };
		C86E8A0518596B080073816B /* CoreGraphics.framework in Frameworks */ = {isa = PBXBuildFile; fileRef = C86E8A0418596B080073816B /* CoreGraphics.framework */; };
		C86E8A0718596B080073816B /* UIKit.framework in Frameworks */ = {isa = PBXBuildFile; fileRef = C86E8A0618596B080073816B /* UIKit.framework */; };
		C86E8A0D18596B080073816B /* InfoPlist.strings in Resources */ = {isa = PBXBuildFile; fileRef = C86E8A0B18596B080073816B /* InfoPlist.strings */; };
		C86E8A0F18596B080073816B /* main.m in Sources */ = {isa = PBXBuildFile; fileRef = C86E8A0E18596B080073816B /* main.m */; };
		C86E8A1318596B080073816B /* AppDelegate.m in Sources */ = {isa = PBXBuildFile; fileRef = C86E8A1218596B080073816B /* AppDelegate.m */; };
		C86E8A1618596B080073816B /* Main_iPhone.storyboard in Resources */ = {isa = PBXBuildFile; fileRef = C86E8A1418596B080073816B /* Main_iPhone.storyboard */; };
		C86E8A1918596B080073816B /* Main_iPad.storyboard in Resources */ = {isa = PBXBuildFile; fileRef = C86E8A1718596B080073816B /* Main_iPad.storyboard */; };
		C86E8A1C18596B080073816B /* ViewController.m in Sources */ = {isa = PBXBuildFile; fileRef = C86E8A1B18596B080073816B /* ViewController.m */; };
		C86E8A1E18596B080073816B /* Images.xcassets in Resources */ = {isa = PBXBuildFile; fileRef = C86E8A1D18596B080073816B /* Images.xcassets */; };
		C86E8A2518596B080073816B /* XCTest.framework in Frameworks */ = {isa = PBXBuildFile; fileRef = C86E8A2418596B080073816B /* XCTest.framework */; };
		C86E8A2618596B080073816B /* Foundation.framework in Frameworks */ = {isa = PBXBuildFile; fileRef = C86E8A0218596B080073816B /* Foundation.framework */; };
		C86E8A2718596B080073816B /* UIKit.framework in Frameworks */ = {isa = PBXBuildFile; fileRef = C86E8A0618596B080073816B /* UIKit.framework */; };
		C86E8A2F18596B080073816B /* InfoPlist.strings in Resources */ = {isa = PBXBuildFile; fileRef = C86E8A2D18596B080073816B /* InfoPlist.strings */; };
		C86E8A3118596B080073816B /* Triangle_SolverTests.m in Sources */ = {isa = PBXBuildFile; fileRef = C86E8A3018596B080073816B /* Triangle_SolverTests.m */; };
/* End PBXBuildFile section */

/* Begin PBXContainerItemProxy section */
		C86E8A2818596B080073816B /* PBXContainerItemProxy */ = {
			isa = PBXContainerItemProxy;
			containerPortal = C86E89F718596B080073816B /* Project object */;
			proxyType = 1;
			remoteGlobalIDString = C86E89FE18596B080073816B;
			remoteInfo = "Triangle Solver";
		};
/* End PBXContainerItemProxy section */

/* Begin PBXFileReference section */
		C86E89FF18596B080073816B /* Triangle Solver.app */ = {isa = PBXFileReference; explicitFileType = wrapper.application; includeInIndex = 0; path = "Triangle Solver.app"; sourceTree = BUILT_PRODUCTS_DIR; };
		C86E8A0218596B080073816B /* Foundation.framework */ = {isa = PBXFileReference; lastKnownFileType = wrapper.framework; name = Foundation.framework; path = System/Library/Frameworks/Foundation.framework; sourceTree = SDKROOT; };
		C86E8A0418596B080073816B /* CoreGraphics.framework */ = {isa = PBXFileReference; lastKnownFileType = wrapper.framework; name = CoreGraphics.framework; path = System/Library/Frameworks/CoreGraphics.framework; sourceTree = SDKROOT; };
		C86E8A0618596B080073816B /* UIKit.framework */ = {isa = PBXFileReference; lastKnownFileType = wrapper.framework; name = UIKit.framework; path = System/Library/Frameworks/UIKit.framework; sourceTree = SDKROOT; };
		C86E8A0A18596B080073816B /* Triangle Solver-Info.plist */ = {isa = PBXFileReference; lastKnownFileType = text.plist.xml; path = "Triangle Solver-Info.plist"; sourceTree = "<group>"; };
		C86E8A0C18596B080073816B /* en */ = {isa = PBXFileReference; lastKnownFileType = text.plist.strings; name = en; path = en.lproj/InfoPlist.strings; sourceTree = "<group>"; };
		C86E8A0E18596B080073816B /* main.m */ = {isa = PBXFileReference; lastKnownFileType = sourcecode.c.objc; path = main.m; sourceTree = "<group>"; };
		C86E8A1018596B080073816B /* Triangle Solver-Prefix.pch */ = {isa = PBXFileReference; lastKnownFileType = sourcecode.c.h; path = "Triangle Solver-Prefix.pch"; sourceTree = "<group>"; };
		C86E8A1118596B080073816B /* AppDelegate.h */ = {isa = PBXFileReference; lastKnownFileType = sourcecode.c.h; path = AppDelegate.h; sourceTree = "<group>"; };
		C86E8A1218596B080073816B /* AppDelegate.m */ = {isa = PBXFileReference; lastKnownFileType = sourcecode.c.objc; path = AppDelegate.m; sourceTree = "<group>"; };
		C86E8A1518596B080073816B /* Base */ = {isa = PBXFileReference; lastKnownFileType = file.storyboard; name = Base; path = Base.lproj/Main_iPhone.storyboard; sourceTree = "<group>"; };
		C86E8A1818596B080073816B /* Base */ = {isa = PBXFileReference; lastKnownFileType = file.storyboard; name = Base; path = Base.lproj/Main_iPad.storyboard; sourceTree = "<group>"; };
		C86E8A1A18596B080073816B /* ViewController.h */ = {isa = PBXFileReference; lastKnownFileType = sourcecode.c.h; path = ViewController.h; sourceTree = "<group>"; };
		C86E8A1B18596B080073816B /* ViewController.m */ = {isa = PBXFileReference; lastKnownFileType = sourcecode.c.objc; path = ViewController.m; sourceTree = "<group>"; };
		C86E8A1D18596B080073816B /* Images.xcassets */ = {isa = PBXFileReference; lastKnownFileType = folder.assetcatalog; path = Images.xcassets; sourceTree = "<group>"; };
		C86E8A2318596B080073816B /* Triangle SolverTests.xctest */ = {isa = PBXFileReference; explicitFileType = wrapper.cfbundle; includeInIndex = 0; path = "Triangle SolverTests.xctest"; sourceTree = BUILT_PRODUCTS_DIR; };
		C86E8A2418596B080073816B /* XCTest.framework */ = {isa = PBXFileReference; lastKnownFileType = wrapper.framework; name = XCTest.framework; path = Library/Frameworks/XCTest.framework; sourceTree = DEVELOPER_DIR; };
		C86E8A2C18596B080073816B /* Triangle SolverTests-Info.plist */ = {isa = PBXFileReference; lastKnownFileType = text.plist.xml; path = "Triangle SolverTests-Info.plist"; sourceTree = "<group>"; };
		C86E8A2E18596B080073816B /* en */ = {isa = PBXFileReference; lastKnownFileType = text.plist.strings; name = en; path = en.lproj/InfoPlist.strings; sourceTree = "<group>"; };
		C86E8A3018596B080073816B /* Triangle_SolverTests.m */ = {isa = PBXFileReference; lastKnownFileType = sourcecode.c.objc; path = Triangle_SolverTests.m; sourceTree = "<group>"; };
/* End PBXFileReference section */

/* Begin PBXFrameworksBuildPhase section */
		C86E89FC18596B080073816B /* Frameworks */ = {
			isa = PBXFrameworksBuildPhase;
			buildActionMask = 2147483647;
			files = (
				C86E8A0518596B080073816B /* CoreGraphics.framework in Frameworks */,
				C86E8A0718596B080073816B /* UIKit.framework in Frameworks */,
				C86E8A0318596B080073816B /* Foundation.framework in Frameworks */,
			);
			runOnlyForDeploymentPostprocessing = 0;
		};
		C86E8A2018596B080073816B /* Frameworks */ = {
			isa = PBXFrameworksBuildPhase;
			buildActionMask = 2147483647;
			files = (
				C86E8A2518596B080073816B /* XCTest.framework in Frameworks */,
				C86E8A2718596B080073816B /* UIKit.framework in Frameworks */,
				C86E8A2618596B080073816B /* Foundation.framework in Frameworks */,
			);
			runOnlyForDeploymentPostprocessing = 0;
		};
/* End PBXFrameworksBuildPhase section */

/* Begin PBXGroup section */
		C86E89F618596B080073816B = {
			isa = PBXGroup;
			children = (
				C86E8A0818596B080073816B /* Triangle Solver */,
				C86E8A2A18596B080073816B /* Triangle SolverTests */,
				C86E8A0118596B080073816B /* Frameworks */,
				C86E8A0018596B080073816B /* Products */,
			);
			sourceTree = "<group>";
		};
		C86E8A0018596B080073816B /* Products */ = {
			isa = PBXGroup;
			children = (
				C86E89FF18596B080073816B /* Triangle Solver.app */,
				C86E8A2318596B080073816B /* Triangle SolverTests.xctest */,
			);
			name = Products;
			sourceTree = "<group>";
		};
		C86E8A0118596B080073816B /* Frameworks */ = {
			isa = PBXGroup;
			children = (
				C86E8A0218596B080073816B /* Foundation.framework */,
				C86E8A0418596B080073816B /* CoreGraphics.framework */,
				C86E8A0618596B080073816B /* UIKit.framework */,
				C86E8A2418596B080073816B /* XCTest.framework */,
			);
			name = Frameworks;
			sourceTree = "<group>";
		};
		C86E8A0818596B080073816B /* Triangle Solver */ = {
			isa = PBXGroup;
			children = (
				C86E8A1118596B080073816B /* AppDelegate.h */,
				C86E8A1218596B080073816B /* AppDelegate.m */,
				C86E8A1418596B080073816B /* Main_iPhone.storyboard */,
				C86E8A1718596B080073816B /* Main_iPad.storyboard */,
				C86E8A1A18596B080073816B /* ViewController.h */,
				C86E8A1B18596B080073816B /* ViewController.m */,
				C86E8A1D18596B080073816B /* Images.xcassets */,
				C86E8A0918596B080073816B /* Supporting Files */,
			);
			path = "Triangle Solver";
			sourceTree = "<group>";
		};
		C86E8A0918596B080073816B /* Supporting Files */ = {
			isa = PBXGroup;
			children = (
				C86E8A0A18596B080073816B /* Triangle Solver-Info.plist */,
				C86E8A0B18596B080073816B /* InfoPlist.strings */,
				C86E8A0E18596B080073816B /* main.m */,
				C86E8A1018596B080073816B /* Triangle Solver-Prefix.pch */,
			);
			name = "Supporting Files";
			sourceTree = "<group>";
		};
		C86E8A2A18596B080073816B /* Triangle SolverTests */ = {
			isa = PBXGroup;
			children = (
				C86E8A3018596B080073816B /* Triangle_SolverTests.m */,
				C86E8A2B18596B080073816B /* Supporting Files */,
			);
			path = "Triangle SolverTests";
			sourceTree = "<group>";
		};
		C86E8A2B18596B080073816B /* Supporting Files */ = {
			isa = PBXGroup;
			children = (
				C86E8A2C18596B080073816B /* Triangle SolverTests-Info.plist */,
				C86E8A2D18596B080073816B /* InfoPlist.strings */,
			);
			name = "Supporting Files";
			sourceTree = "<group>";
		};
/* End PBXGroup section */

/* Begin PBXNativeTarget section */
		C86E89FE18596B080073816B /* Triangle Solver */ = {
			isa = PBXNativeTarget;
			buildConfigurationList = C86E8A3418596B080073816B /* Build configuration list for PBXNativeTarget "Triangle Solver" */;
			buildPhases = (
				C86E89FB18596B080073816B /* Sources */,
				C86E89FC18596B080073816B /* Frameworks */,
				C86E89FD18596B080073816B /* Resources */,
			);
			buildRules = (
			);
			dependencies = (
			);
			name = "Triangle Solver";
			productName = "Triangle Solver";
			productReference = C86E89FF18596B080073816B /* Triangle Solver.app */;
			productType = "com.apple.product-type.application";
		};
		C86E8A2218596B080073816B /* Triangle SolverTests */ = {
			isa = PBXNativeTarget;
			buildConfigurationList = C86E8A3718596B080073816B /* Build configuration list for PBXNativeTarget "Triangle SolverTests" */;
			buildPhases = (
				C86E8A1F18596B080073816B /* Sources */,
				C86E8A2018596B080073816B /* Frameworks */,
				C86E8A2118596B080073816B /* Resources */,
			);
			buildRules = (
			);
			dependencies = (
				C86E8A2918596B080073816B /* PBXTargetDependency */,
			);
			name = "Triangle SolverTests";
			productName = "Triangle SolverTests";
			productReference = C86E8A2318596B080073816B /* Triangle SolverTests.xctest */;
			productType = "com.apple.product-type.bundle.unit-test";
		};
/* End PBXNativeTarget section */

/* Begin PBXProject section */
		C86E89F718596B080073816B /* Project object */ = {
			isa = PBXProject;
			attributes = {
				LastUpgradeCheck = 0500;
				ORGANIZATIONNAME = "Cultured Pixel";
				TargetAttributes = {
					C86E8A2218596B080073816B = {
						TestTargetID = C86E89FE18596B080073816B;
					};
				};
			};
			buildConfigurationList = C86E89FA18596B080073816B /* Build configuration list for PBXProject "Triangle Solver" */;
			compatibilityVersion = "Xcode 3.2";
			developmentRegion = English;
			hasScannedForEncodings = 0;
			knownRegions = (
				en,
				Base,
			);
			mainGroup = C86E89F618596B080073816B;
			productRefGroup = C86E8A0018596B080073816B /* Products */;
			projectDirPath = "";
			projectRoot = "";
			targets = (
				C86E89FE18596B080073816B /* Triangle Solver */,
				C86E8A2218596B080073816B /* Triangle SolverTests */,
			);
		};
/* End PBXProject section */

/* Begin PBXResourcesBuildPhase section */
		C86E89FD18596B080073816B /* Resources */ = {
			isa = PBXResourcesBuildPhase;
			buildActionMask = 2147483647;
			files = (
				C86E8A1918596B080073816B /* Main_iPad.storyboard in Resources */,
				C86E8A1E18596B080073816B /* Images.xcassets in Resources */,
				C86E8A1618596B080073816B /* Main_iPhone.storyboard in Resources */,
				C86E8A0D18596B080073816B /* InfoPlist.strings in Resources */,
			);
			runOnlyForDeploymentPostprocessing = 0;
		};
		C86E8A2118596B080073816B /* Resources */ = {
			isa = PBXResourcesBuildPhase;
			buildActionMask = 2147483647;
			files = (
				C86E8A2F18596B080073816B /* InfoPlist.strings in Resources */,
			);
			runOnlyForDeploymentPostprocessing = 0;
		};
/* End PBXResourcesBuildPhase section */

/* Begin PBXSourcesBuildPhase section */
		C86E89FB18596B080073816B /* Sources */ = {
			isa = PBXSourcesBuildPhase;
			buildActionMask = 2147483647;
			files = (
				C86E8A1C18596B080073816B /* ViewController.m in Sources */,
				C86E8A1318596B080073816B /* AppDelegate.m in Sources */,
				C86E8A0F18596B080073816B /* main.m in Sources */,
			);
			runOnlyForDeploymentPostprocessing = 0;
		};
		C86E8A1F18596B080073816B /* Sources */ = {
			isa = PBXSourcesBuildPhase;
			buildActionMask = 2147483647;
			files = (
				C86E8A3118596B080073816B /* Triangle_SolverTests.m in Sources */,
			);
			runOnlyForDeploymentPostprocessing = 0;
		};
/* End PBXSourcesBuildPhase section */

/* Begin PBXTargetDependency section */
		C86E8A2918596B080073816B /* PBXTargetDependency */ = {
			isa = PBXTargetDependency;
			target = C86E89FE18596B080073816B /* Triangle Solver */;
			targetProxy = C86E8A2818596B080073816B /* PBXContainerItemProxy */;
		};
/* End PBXTargetDependency section */

/* Begin PBXVariantGroup section */
		C86E8A0B18596B080073816B /* InfoPlist.strings */ = {
			isa = PBXVariantGroup;
			children = (
				C86E8A0C18596B080073816B /* en */,
			);
			name = InfoPlist.strings;
			sourceTree = "<group>";
		};
		C86E8A1418596B080073816B /* Main_iPhone.storyboard */ = {
			isa = PBXVariantGroup;
			children = (
				C86E8A1518596B080073816B /* Base */,
			);
			name = Main_iPhone.storyboard;
			sourceTree = "<group>";
		};
		C86E8A1718596B080073816B /* Main_iPad.storyboard */ = {
			isa = PBXVariantGroup;
			children = (
				C86E8A1818596B080073816B /* Base */,
			);
			name = Main_iPad.storyboard;
			sourceTree = "<group>";
		};
		C86E8A2D18596B080073816B /* InfoPlist.strings */ = {
			isa = PBXVariantGroup;
			children = (
				C86E8A2E18596B080073816B /* en */,
			);
			name = InfoPlist.strings;
			sourceTree = "<group>";
		};
/* End PBXVariantGroup section */

/* Begin XCBuildConfiguration section */
		C86E8A3218596B080073816B /* Debug */ = {
			isa = XCBuildConfiguration;
			buildSettings = {
				ALWAYS_SEARCH_USER_PATHS = NO;
				ARCHS = "$(ARCHS_STANDARD_INCLUDING_64_BIT)";
				CLANG_CXX_LANGUAGE_STANDARD = "gnu++0x";
				CLANG_CXX_LIBRARY = "libc++";
				CLANG_ENABLE_MODULES = YES;
				CLANG_ENABLE_OBJC_ARC = YES;
				CLANG_WARN_BOOL_CONVERSION = YES;
				CLANG_WARN_CONSTANT_CONVERSION = YES;
				CLANG_WARN_DIRECT_OBJC_ISA_USAGE = YES_ERROR;
				CLANG_WARN_EMPTY_BODY = YES;
				CLANG_WARN_ENUM_CONVERSION = YES;
				CLANG_WARN_INT_CONVERSION = YES;
				CLANG_WARN_OBJC_ROOT_CLASS = YES_ERROR;
				CLANG_WARN__DUPLICATE_METHOD_MATCH = YES;
				"CODE_SIGN_IDENTITY[sdk=iphoneos*]" = "iPhone Developer";
				COPY_PHASE_STRIP = NO;
				GCC_C_LANGUAGE_STANDARD = gnu99;
				GCC_DYNAMIC_NO_PIC = NO;
				GCC_OPTIMIZATION_LEVEL = 0;
				GCC_PREPROCESSOR_DEFINITIONS = (
					"DEBUG=1",
					"$(inherited)",
				);
				GCC_SYMBOLS_PRIVATE_EXTERN = NO;
				GCC_WARN_64_TO_32_BIT_CONVERSION = YES;
				GCC_WARN_ABOUT_RETURN_TYPE = YES_ERROR;
				GCC_WARN_UNDECLARED_SELECTOR = YES;
				GCC_WARN_UNINITIALIZED_AUTOS = YES;
				GCC_WARN_UNUSED_FUNCTION = YES;
				GCC_WARN_UNUSED_VARIABLE = YES;
				IPHONEOS_DEPLOYMENT_TARGET = 7.0;
				ONLY_ACTIVE_ARCH = YES;
				SDKROOT = iphoneos;
				TARGETED_DEVICE_FAMILY = "1,2";
			};
			name = Debug;
		};
		C86E8A3318596B080073816B /* Release */ = {
			isa = XCBuildConfiguration;
			buildSettings = {
				ALWAYS_SEARCH_USER_PATHS = NO;
				ARCHS = "$(ARCHS_STANDARD_INCLUDING_64_BIT)";
				CLANG_CXX_LANGUAGE_STANDARD = "gnu++0x";
				CLANG_CXX_LIBRARY = "libc++";
				CLANG_ENABLE_MODULES = YES;
				CLANG_ENABLE_OBJC_ARC = YES;
				CLANG_WARN_BOOL_CONVERSION = YES;
				CLANG_WARN_CONSTANT_CONVERSION = YES;
				CLANG_WARN_DIRECT_OBJC_ISA_USAGE = YES_ERROR;
				CLANG_WARN_EMPTY_BODY = YES;
				CLANG_WARN_ENUM_CONVERSION = YES;
				CLANG_WARN_INT_CONVERSION = YES;
				CLANG_WARN_OBJC_ROOT_CLASS = YES_ERROR;
				CLANG_WARN__DUPLICATE_METHOD_MATCH = YES;
				"CODE_SIGN_IDENTITY[sdk=iphoneos*]" = "iPhone Developer";
				COPY_PHASE_STRIP = YES;
				ENABLE_NS_ASSERTIONS = NO;
				GCC_C_LANGUAGE_STANDARD = gnu99;
				GCC_WARN_64_TO_32_BIT_CONVERSION = YES;
				GCC_WARN_ABOUT_RETURN_TYPE = YES_ERROR;
				GCC_WARN_UNDECLARED_SELECTOR = YES;
				GCC_WARN_UNINITIALIZED_AUTOS = YES;
				GCC_WARN_UNUSED_FUNCTION = YES;
				GCC_WARN_UNUSED_VARIABLE = YES;
				IPHONEOS_DEPLOYMENT_TARGET = 7.0;
				SDKROOT = iphoneos;
				TARGETED_DEVICE_FAMILY = "1,2";
				VALIDATE_PRODUCT = YES;
			};
			name = Release;
		};
		C86E8A3518596B080073816B /* Debug */ = {
			isa = XCBuildConfiguration;
			buildSettings = {
				ASSETCATALOG_COMPILER_APPICON_NAME = AppIcon;
				ASSETCATALOG_COMPILER_LAUNCHIMAGE_NAME = LaunchImage;
				GCC_PRECOMPILE_PREFIX_HEADER = YES;
				GCC_PREFIX_HEADER = "Triangle Solver/Triangle Solver-Prefix.pch";
				INFOPLIST_FILE = "Triangle Solver/Triangle Solver-Info.plist";
				PRODUCT_NAME = "$(TARGET_NAME)";
				WRAPPER_EXTENSION = app;
			};
			name = Debug;
		};
		C86E8A3618596B080073816B /* Release */ = {
			isa = XCBuildConfiguration;
			buildSettings = {
				ASSETCATALOG_COMPILER_APPICON_NAME = AppIcon;
				ASSETCATALOG_COMPILER_LAUNCHIMAGE_NAME = LaunchImage;
				GCC_PRECOMPILE_PREFIX_HEADER = YES;
				GCC_PREFIX_HEADER = "Triangle Solver/Triangle Solver-Prefix.pch";
				INFOPLIST_FILE = "Triangle Solver/Triangle Solver-Info.plist";
				PRODUCT_NAME = "$(TARGET_NAME)";
				WRAPPER_EXTENSION = app;
			};
			name = Release;
		};
		C86E8A3818596B080073816B /* Debug */ = {
			isa = XCBuildConfiguration;
			buildSettings = {
				ARCHS = "$(ARCHS_STANDARD_INCLUDING_64_BIT)";
				BUNDLE_LOADER = "$(BUILT_PRODUCTS_DIR)/Triangle Solver.app/Triangle Solver";
				FRAMEWORK_SEARCH_PATHS = (
					"$(SDKROOT)/Developer/Library/Frameworks",
					"$(inherited)",
					"$(DEVELOPER_FRAMEWORKS_DIR)",
				);
				GCC_PRECOMPILE_PREFIX_HEADER = YES;
				GCC_PREFIX_HEADER = "Triangle Solver/Triangle Solver-Prefix.pch";
				GCC_PREPROCESSOR_DEFINITIONS = (
					"DEBUG=1",
					"$(inherited)",
				);
				INFOPLIST_FILE = "Triangle SolverTests/Triangle SolverTests-Info.plist";
				PRODUCT_NAME = "$(TARGET_NAME)";
				TEST_HOST = "$(BUNDLE_LOADER)";
				WRAPPER_EXTENSION = xctest;
			};
			name = Debug;
		};
		C86E8A3918596B080073816B /* Release */ = {
			isa = XCBuildConfiguration;
			buildSettings = {
				ARCHS = "$(ARCHS_STANDARD_INCLUDING_64_BIT)";
				BUNDLE_LOADER = "$(BUILT_PRODUCTS_DIR)/Triangle Solver.app/Triangle Solver";
				FRAMEWORK_SEARCH_PATHS = (
					"$(SDKROOT)/Developer/Library/Frameworks",
					"$(inherited)",
					"$(DEVELOPER_FRAMEWORKS_DIR)",
				);
				GCC_PRECOMPILE_PREFIX_HEADER = YES;
				GCC_PREFIX_HEADER = "Triangle Solver/Triangle Solver-Prefix.pch";
				INFOPLIST_FILE = "Triangle SolverTests/Triangle SolverTests-Info.plist";
				PRODUCT_NAME = "$(TARGET_NAME)";
				TEST_HOST = "$(BUNDLE_LOADER)";
				WRAPPER_EXTENSION = xctest;
			};
			name = Release;
		};
/* End XCBuildConfiguration section */

/* Begin XCConfigurationList section */
		C86E89FA18596B080073816B /* Build configuration list for PBXProject "Triangle Solver" */ = {
			isa = XCConfigurationList;
			buildConfigurations = (
				C86E8A3218596B080073816B /* Debug */,
				C86E8A3318596B080073816B /* Release */,
			);
			defaultConfigurationIsVisible = 0;
			defaultConfigurationName = Release;
		};
		C86E8A3418596B080073816B /* Build configuration list for PBXNativeTarget "Triangle Solver" */ = {
			isa = XCConfigurationList;
			buildConfigurations = (
				C86E8A3518596B080073816B /* Debug */,
				C86E8A3618596B080073816B /* Release */,
			);
			defaultConfigurationIsVisible = 0;
		};
		C86E8A3718596B080073816B /* Build configuration list for PBXNativeTarget "Triangle SolverTests" */ = {
			isa = XCConfigurationList;
			buildConfigurations = (
				C86E8A3818596B080073816B /* Debug */,
				C86E8A3918596B080073816B /* Release */,
			);
			defaultConfigurationIsVisible = 0;
		};
/* End XCConfigurationList section */
	};
	rootObject = C86E89F718596B080073816B /* Project object */;
}
